// !$*UTF8*$!
{
	archiveVersion = 1;
	classes = {
	};
	objectVersion = 55;
	objects = {

/* Begin PBXBuildFile section */
		77D5137406B0BE26EB552E0E /* libPods-ExpandTableView.a in Frameworks */ = {isa = PBXBuildFile; fileRef = 301F23E9F71979F491E1273B /* libPods-ExpandTableView.a */; };
		F27030042C212FAE00F6DC3A /* AppDelegate.m in Sources */ = {isa = PBXBuildFile; fileRef = F27030032C212FAE00F6DC3A /* AppDelegate.m */; };
		F270300A2C212FAE00F6DC3A /* ViewController.m in Sources */ = {isa = PBXBuildFile; fileRef = F27030092C212FAE00F6DC3A /* ViewController.m */; };
		F270300F2C212FAF00F6DC3A /* Assets.xcassets in Resources */ = {isa = PBXBuildFile; fileRef = F270300E2C212FAF00F6DC3A /* Assets.xcassets */; };
		F27030152C212FAF00F6DC3A /* main.m in Sources */ = {isa = PBXBuildFile; fileRef = F27030142C212FAF00F6DC3A /* main.m */; };
		F270301F2C212FAF00F6DC3A /* ExpandTableViewTests.m in Sources */ = {isa = PBXBuildFile; fileRef = F270301E2C212FAF00F6DC3A /* ExpandTableViewTests.m */; };
		F27030292C212FAF00F6DC3A /* ExpandTableViewUITests.m in Sources */ = {isa = PBXBuildFile; fileRef = F27030282C212FAF00F6DC3A /* ExpandTableViewUITests.m */; };
		F270302B2C212FAF00F6DC3A /* ExpandTableViewUITestsLaunchTests.m in Sources */ = {isa = PBXBuildFile; fileRef = F270302A2C212FAF00F6DC3A /* ExpandTableViewUITestsLaunchTests.m */; };
		F270303F2C2139C300F6DC3A /* example.json in Resources */ = {isa = PBXBuildFile; fileRef = F270303E2C2139C300F6DC3A /* example.json */; };
		F27030442C21432500F6DC3A /* Launch Screen.storyboard in Resources */ = {isa = PBXBuildFile; fileRef = F27030432C21432500F6DC3A /* Launch Screen.storyboard */; };
/* End PBXBuildFile section */

/* Begin PBXContainerItemProxy section */
		F270301B2C212FAF00F6DC3A /* PBXContainerItemProxy */ = {
			isa = PBXContainerItemProxy;
			containerPortal = F2702FF72C212FAE00F6DC3A /* Project object */;
			proxyType = 1;
			remoteGlobalIDString = F2702FFE2C212FAE00F6DC3A;
			remoteInfo = ExpandTableView;
		};
		F27030252C212FAF00F6DC3A /* PBXContainerItemProxy */ = {
			isa = PBXContainerItemProxy;
			containerPortal = F2702FF72C212FAE00F6DC3A /* Project object */;
			proxyType = 1;
			remoteGlobalIDString = F2702FFE2C212FAE00F6DC3A;
			remoteInfo = ExpandTableView;
		};
/* End PBXContainerItemProxy section */

/* Begin PBXFileReference section */
		301F23E9F71979F491E1273B /* libPods-ExpandTableView.a */ = {isa = PBXFileReference; explicitFileType = archive.ar; includeInIndex = 0; path = "libPods-ExpandTableView.a"; sourceTree = BUILT_PRODUCTS_DIR; };
		7FBACFB4A4A8AB7745F44475 /* Pods-ExpandTableView.release.xcconfig */ = {isa = PBXFileReference; includeInIndex = 1; lastKnownFileType = text.xcconfig; name = "Pods-ExpandTableView.release.xcconfig"; path = "Target Support Files/Pods-ExpandTableView/Pods-ExpandTableView.release.xcconfig"; sourceTree = "<group>"; };
		C20BB2FB9F35D816AD88AB6A /* Pods-ExpandTableView.debug.xcconfig */ = {isa = PBXFileReference; includeInIndex = 1; lastKnownFileType = text.xcconfig; name = "Pods-ExpandTableView.debug.xcconfig"; path = "Target Support Files/Pods-ExpandTableView/Pods-ExpandTableView.debug.xcconfig"; sourceTree = "<group>"; };
		F2702FFF2C212FAE00F6DC3A /* ExpandTableView.app */ = {isa = PBXFileReference; explicitFileType = wrapper.application; includeInIndex = 0; path = ExpandTableView.app; sourceTree = BUILT_PRODUCTS_DIR; };
		F27030022C212FAE00F6DC3A /* AppDelegate.h */ = {isa = PBXFileReference; lastKnownFileType = sourcecode.c.h; path = AppDelegate.h; sourceTree = "<group>"; };
		F27030032C212FAE00F6DC3A /* AppDelegate.m */ = {isa = PBXFileReference; lastKnownFileType = sourcecode.c.objc; path = AppDelegate.m; sourceTree = "<group>"; };
		F27030082C212FAE00F6DC3A /* ViewController.h */ = {isa = PBXFileReference; lastKnownFileType = sourcecode.c.h; path = ViewController.h; sourceTree = "<group>"; };
		F27030092C212FAE00F6DC3A /* ViewController.m */ = {isa = PBXFileReference; lastKnownFileType = sourcecode.c.objc; path = ViewController.m; sourceTree = "<group>"; };
		F270300E2C212FAF00F6DC3A /* Assets.xcassets */ = {isa = PBXFileReference; lastKnownFileType = folder.assetcatalog; path = Assets.xcassets; sourceTree = "<group>"; };
		F27030132C212FAF00F6DC3A /* Info.plist */ = {isa = PBXFileReference; lastKnownFileType = text.plist.xml; path = Info.plist; sourceTree = "<group>"; };
		F27030142C212FAF00F6DC3A /* main.m */ = {isa = PBXFileReference; lastKnownFileType = sourcecode.c.objc; path = main.m; sourceTree = "<group>"; };
		F270301A2C212FAF00F6DC3A /* ExpandTableViewTests.xctest */ = {isa = PBXFileReference; explicitFileType = wrapper.cfbundle; includeInIndex = 0; path = ExpandTableViewTests.xctest; sourceTree = BUILT_PRODUCTS_DIR; };
		F270301E2C212FAF00F6DC3A /* ExpandTableViewTests.m */ = {isa = PBXFileReference; lastKnownFileType = sourcecode.c.objc; path = ExpandTableViewTests.m; sourceTree = "<group>"; };
		F27030242C212FAF00F6DC3A /* ExpandTableViewUITests.xctest */ = {isa = PBXFileReference; explicitFileType = wrapper.cfbundle; includeInIndex = 0; path = ExpandTableViewUITests.xctest; sourceTree = BUILT_PRODUCTS_DIR; };
		F27030282C212FAF00F6DC3A /* ExpandTableViewUITests.m */ = {isa = PBXFileReference; lastKnownFileType = sourcecode.c.objc; path = ExpandTableViewUITests.m; sourceTree = "<group>"; };
		F270302A2C212FAF00F6DC3A /* ExpandTableViewUITestsLaunchTests.m */ = {isa = PBXFileReference; lastKnownFileType = sourcecode.c.objc; path = ExpandTableViewUITestsLaunchTests.m; sourceTree = "<group>"; };
		F270303E2C2139C300F6DC3A /* example.json */ = {isa = PBXFileReference; fileEncoding = 4; lastKnownFileType = text.json; path = example.json; sourceTree = "<group>"; };
		F27030432C21432500F6DC3A /* Launch Screen.storyboard */ = {isa = PBXFileReference; lastKnownFileType = file.storyboard; path = "Launch Screen.storyboard"; sourceTree = "<group>"; };
/* End PBXFileReference section */

/* Begin PBXFrameworksBuildPhase section */
		F2702FFC2C212FAE00F6DC3A /* Frameworks */ = {
			isa = PBXFrameworksBuildPhase;
			buildActionMask = 2147483647;
			files = (
				77D5137406B0BE26EB552E0E /* libPods-ExpandTableView.a in Frameworks */,
			);
			runOnlyForDeploymentPostprocessing = 0;
		};
		F27030172C212FAF00F6DC3A /* Frameworks */ = {
			isa = PBXFrameworksBuildPhase;
			buildActionMask = 2147483647;
			files = (
			);
			runOnlyForDeploymentPostprocessing = 0;
		};
		F27030212C212FAF00F6DC3A /* Frameworks */ = {
			isa = PBXFrameworksBuildPhase;
			buildActionMask = 2147483647;
			files = (
			);
			runOnlyForDeploymentPostprocessing = 0;
		};
/* End PBXFrameworksBuildPhase section */

/* Begin PBXGroup section */
		8D325C155E5458C81BA49683 /* Frameworks */ = {
			isa = PBXGroup;
			children = (
				301F23E9F71979F491E1273B /* libPods-ExpandTableView.a */,
			);
			name = Frameworks;
			sourceTree = "<group>";
		};
		CCFAC4F1926756CE6929B6D8 /* Pods */ = {
			isa = PBXGroup;
			children = (
				C20BB2FB9F35D816AD88AB6A /* Pods-ExpandTableView.debug.xcconfig */,
				7FBACFB4A4A8AB7745F44475 /* Pods-ExpandTableView.release.xcconfig */,
			);
			name = Pods;
			path = Pods;
			sourceTree = "<group>";
		};
		F2702FF62C212FAE00F6DC3A = {
			isa = PBXGroup;
			children = (
				F27030012C212FAE00F6DC3A /* ExpandTableView */,
				F270301D2C212FAF00F6DC3A /* ExpandTableViewTests */,
				F27030272C212FAF00F6DC3A /* ExpandTableViewUITests */,
				F27030002C212FAE00F6DC3A /* Products */,
				CCFAC4F1926756CE6929B6D8 /* Pods */,
				8D325C155E5458C81BA49683 /* Frameworks */,
			);
			sourceTree = "<group>";
		};
		F27030002C212FAE00F6DC3A /* Products */ = {
			isa = PBXGroup;
			children = (
				F2702FFF2C212FAE00F6DC3A /* ExpandTableView.app */,
				F270301A2C212FAF00F6DC3A /* ExpandTableViewTests.xctest */,
				F27030242C212FAF00F6DC3A /* ExpandTableViewUITests.xctest */,
			);
			name = Products;
			sourceTree = "<group>";
		};
		F27030012C212FAE00F6DC3A /* ExpandTableView */ = {
			isa = PBXGroup;
			children = (
				F270303E2C2139C300F6DC3A /* example.json */,
				F27030022C212FAE00F6DC3A /* AppDelegate.h */,
				F27030032C212FAE00F6DC3A /* AppDelegate.m */,
				F27030082C212FAE00F6DC3A /* ViewController.h */,
				F27030092C212FAE00F6DC3A /* ViewController.m */,
				F270300E2C212FAF00F6DC3A /* Assets.xcassets */,
				F27030132C212FAF00F6DC3A /* Info.plist */,
				F27030142C212FAF00F6DC3A /* main.m */,
				F27030432C21432500F6DC3A /* Launch Screen.storyboard */,
			);
			path = ExpandTableView;
			sourceTree = "<group>";
		};
		F270301D2C212FAF00F6DC3A /* ExpandTableViewTests */ = {
			isa = PBXGroup;
			children = (
				F270301E2C212FAF00F6DC3A /* ExpandTableViewTests.m */,
			);
			path = ExpandTableViewTests;
			sourceTree = "<group>";
		};
		F27030272C212FAF00F6DC3A /* ExpandTableViewUITests */ = {
			isa = PBXGroup;
			children = (
				F27030282C212FAF00F6DC3A /* ExpandTableViewUITests.m */,
				F270302A2C212FAF00F6DC3A /* ExpandTableViewUITestsLaunchTests.m */,
			);
			path = ExpandTableViewUITests;
			sourceTree = "<group>";
		};
/* End PBXGroup section */

/* Begin PBXNativeTarget section */
		F2702FFE2C212FAE00F6DC3A /* ExpandTableView */ = {
			isa = PBXNativeTarget;
			buildConfigurationList = F270302E2C212FAF00F6DC3A /* Build configuration list for PBXNativeTarget "ExpandTableView" */;
			buildPhases = (
				D3B768772D574B11A350C0D6 /* [CP] Check Pods Manifest.lock */,
				F2702FFB2C212FAE00F6DC3A /* Sources */,
				F2702FFC2C212FAE00F6DC3A /* Frameworks */,
				F2702FFD2C212FAE00F6DC3A /* Resources */,
			);
			buildRules = (
			);
			dependencies = (
			);
			name = ExpandTableView;
			productName = ExpandTableView;
			productReference = F2702FFF2C212FAE00F6DC3A /* ExpandTableView.app */;
			productType = "com.apple.product-type.application";
		};
		F27030192C212FAF00F6DC3A /* ExpandTableViewTests */ = {
			isa = PBXNativeTarget;
			buildConfigurationList = F27030312C212FAF00F6DC3A /* Build configuration list for PBXNativeTarget "ExpandTableViewTests" */;
			buildPhases = (
				F27030162C212FAF00F6DC3A /* Sources */,
				F27030172C212FAF00F6DC3A /* Frameworks */,
				F27030182C212FAF00F6DC3A /* Resources */,
			);
			buildRules = (
			);
			dependencies = (
				F270301C2C212FAF00F6DC3A /* PBXTargetDependency */,
			);
			name = ExpandTableViewTests;
			productName = ExpandTableViewTests;
			productReference = F270301A2C212FAF00F6DC3A /* ExpandTableViewTests.xctest */;
			productType = "com.apple.product-type.bundle.unit-test";
		};
		F27030232C212FAF00F6DC3A /* ExpandTableViewUITests */ = {
			isa = PBXNativeTarget;
			buildConfigurationList = F27030342C212FAF00F6DC3A /* Build configuration list for PBXNativeTarget "ExpandTableViewUITests" */;
			buildPhases = (
				F27030202C212FAF00F6DC3A /* Sources */,
				F27030212C212FAF00F6DC3A /* Frameworks */,
				F27030222C212FAF00F6DC3A /* Resources */,
			);
			buildRules = (
			);
			dependencies = (
				F27030262C212FAF00F6DC3A /* PBXTargetDependency */,
			);
			name = ExpandTableViewUITests;
			productName = ExpandTableViewUITests;
			productReference = F27030242C212FAF00F6DC3A /* ExpandTableViewUITests.xctest */;
			productType = "com.apple.product-type.bundle.ui-testing";
		};
/* End PBXNativeTarget section */

/* Begin PBXProject section */
		F2702FF72C212FAE00F6DC3A /* Project object */ = {
			isa = PBXProject;
			attributes = {
				BuildIndependentTargetsInParallel = 1;
				LastUpgradeCheck = 1500;
				TargetAttributes = {
					F2702FFE2C212FAE00F6DC3A = {
						CreatedOnToolsVersion = 15.0.1;
					};
					F27030192C212FAF00F6DC3A = {
						CreatedOnToolsVersion = 15.0.1;
						TestTargetID = F2702FFE2C212FAE00F6DC3A;
					};
					F27030232C212FAF00F6DC3A = {
						CreatedOnToolsVersion = 15.0.1;
						TestTargetID = F2702FFE2C212FAE00F6DC3A;
					};
				};
			};
			buildConfigurationList = F2702FFA2C212FAE00F6DC3A /* Build configuration list for PBXProject "ExpandTableView" */;
			compatibilityVersion = "Xcode 13.0";
			developmentRegion = en;
			hasScannedForEncodings = 0;
			knownRegions = (
				en,
				Base,
			);
			mainGroup = F2702FF62C212FAE00F6DC3A;
			productRefGroup = F27030002C212FAE00F6DC3A /* Products */;
			projectDirPath = "";
			projectRoot = "";
			targets = (
				F2702FFE2C212FAE00F6DC3A /* ExpandTableView */,
				F27030192C212FAF00F6DC3A /* ExpandTableViewTests */,
				F27030232C212FAF00F6DC3A /* ExpandTableViewUITests */,
			);
		};
/* End PBXProject section */

/* Begin PBXResourcesBuildPhase section */
		F2702FFD2C212FAE00F6DC3A /* Resources */ = {
			isa = PBXResourcesBuildPhase;
			buildActionMask = 2147483647;
			files = (
				F27030442C21432500F6DC3A /* Launch Screen.storyboard in Resources */,
				F270303F2C2139C300F6DC3A /* example.json in Resources */,
				F270300F2C212FAF00F6DC3A /* Assets.xcassets in Resources */,
			);
			runOnlyForDeploymentPostprocessing = 0;
		};
		F27030182C212FAF00F6DC3A /* Resources */ = {
			isa = PBXResourcesBuildPhase;
			buildActionMask = 2147483647;
			files = (
			);
			runOnlyForDeploymentPostprocessing = 0;
		};
		F27030222C212FAF00F6DC3A /* Resources */ = {
			isa = PBXResourcesBuildPhase;
			buildActionMask = 2147483647;
			files = (
			);
			runOnlyForDeploymentPostprocessing = 0;
		};
/* End PBXResourcesBuildPhase section */

/* Begin PBXShellScriptBuildPhase section */
		D3B768772D574B11A350C0D6 /* [CP] Check Pods Manifest.lock */ = {
			isa = PBXShellScriptBuildPhase;
			buildActionMask = 2147483647;
			files = (
			);
			inputFileListPaths = (
			);
			inputPaths = (
				"${PODS_PODFILE_DIR_PATH}/Podfile.lock",
				"${PODS_ROOT}/Manifest.lock",
			);
			name = "[CP] Check Pods Manifest.lock";
			outputFileListPaths = (
			);
			outputPaths = (
				"$(DERIVED_FILE_DIR)/Pods-ExpandTableView-checkManifestLockResult.txt",
			);
			runOnlyForDeploymentPostprocessing = 0;
			shellPath = /bin/sh;
			shellScript = "diff \"${PODS_PODFILE_DIR_PATH}/Podfile.lock\" \"${PODS_ROOT}/Manifest.lock\" > /dev/null\nif [ $? != 0 ] ; then\n    # print error to STDERR\n    echo \"error: The sandbox is not in sync with the Podfile.lock. Run 'pod install' or update your CocoaPods installation.\" >&2\n    exit 1\nfi\n# This output is used by Xcode 'outputs' to avoid re-running this script phase.\necho \"SUCCESS\" > \"${SCRIPT_OUTPUT_FILE_0}\"\n";
			showEnvVarsInLog = 0;
		};
/* End PBXShellScriptBuildPhase section */

/* Begin PBXSourcesBuildPhase section */
		F2702FFB2C212FAE00F6DC3A /* Sources */ = {
			isa = PBXSourcesBuildPhase;
			buildActionMask = 2147483647;
			files = (
				F270300A2C212FAE00F6DC3A /* ViewController.m in Sources */,
				F27030042C212FAE00F6DC3A /* AppDelegate.m in Sources */,
				F27030152C212FAF00F6DC3A /* main.m in Sources */,
			);
			runOnlyForDeploymentPostprocessing = 0;
		};
		F27030162C212FAF00F6DC3A /* Sources */ = {
			isa = PBXSourcesBuildPhase;
			buildActionMask = 2147483647;
			files = (
				F270301F2C212FAF00F6DC3A /* ExpandTableViewTests.m in Sources */,
			);
			runOnlyForDeploymentPostprocessing = 0;
		};
		F27030202C212FAF00F6DC3A /* Sources */ = {
			isa = PBXSourcesBuildPhase;
			buildActionMask = 2147483647;
			files = (
				F270302B2C212FAF00F6DC3A /* ExpandTableViewUITestsLaunchTests.m in Sources */,
				F27030292C212FAF00F6DC3A /* ExpandTableViewUITests.m in Sources */,
			);
			runOnlyForDeploymentPostprocessing = 0;
		};
/* End PBXSourcesBuildPhase section */

/* Begin PBXTargetDependency section */
		F270301C2C212FAF00F6DC3A /* PBXTargetDependency */ = {
			isa = PBXTargetDependency;
			target = F2702FFE2C212FAE00F6DC3A /* ExpandTableView */;
			targetProxy = F270301B2C212FAF00F6DC3A /* PBXContainerItemProxy */;
		};
		F27030262C212FAF00F6DC3A /* PBXTargetDependency */ = {
			isa = PBXTargetDependency;
			target = F2702FFE2C212FAE00F6DC3A /* ExpandTableView */;
			targetProxy = F27030252C212FAF00F6DC3A /* PBXContainerItemProxy */;
		};
/* End PBXTargetDependency section */

/* Begin XCBuildConfiguration section */
		F270302C2C212FAF00F6DC3A /* Debug */ = {
			isa = XCBuildConfiguration;
			buildSettings = {
				ALWAYS_SEARCH_USER_PATHS = NO;
				ASSETCATALOG_COMPILER_GENERATE_SWIFT_ASSET_SYMBOL_EXTENSIONS = YES;
				CLANG_ANALYZER_NONNULL = YES;
				CLANG_ANALYZER_NUMBER_OBJECT_CONVERSION = YES_AGGRESSIVE;
				CLANG_CXX_LANGUAGE_STANDARD = "gnu++20";
				CLANG_ENABLE_MODULES = YES;
				CLANG_ENABLE_OBJC_ARC = YES;
				CLANG_ENABLE_OBJC_WEAK = YES;
				CLANG_WARN_BLOCK_CAPTURE_AUTORELEASING = YES;
				CLANG_WARN_BOOL_CONVERSION = YES;
				CLANG_WARN_COMMA = YES;
				CLANG_WARN_CONSTANT_CONVERSION = YES;
				CLANG_WARN_DEPRECATED_OBJC_IMPLEMENTATIONS = YES;
				CLANG_WARN_DIRECT_OBJC_ISA_USAGE = YES_ERROR;
				CLANG_WARN_DOCUMENTATION_COMMENTS = YES;
				CLANG_WARN_EMPTY_BODY = YES;
				CLANG_WARN_ENUM_CONVERSION = YES;
				CLANG_WARN_INFINITE_RECURSION = YES;
				CLANG_WARN_INT_CONVERSION = YES;
				CLANG_WARN_NON_LITERAL_NULL_CONVERSION = YES;
				CLANG_WARN_OBJC_IMPLICIT_RETAIN_SELF = YES;
				CLANG_WARN_OBJC_LITERAL_CONVERSION = YES;
				CLANG_WARN_OBJC_ROOT_CLASS = YES_ERROR;
				CLANG_WARN_QUOTED_INCLUDE_IN_FRAMEWORK_HEADER = YES;
				CLANG_WARN_RANGE_LOOP_ANALYSIS = YES;
				CLANG_WARN_STRICT_PROTOTYPES = YES;
				CLANG_WARN_SUSPICIOUS_MOVE = YES;
				CLANG_WARN_UNGUARDED_AVAILABILITY = YES_AGGRESSIVE;
				CLANG_WARN_UNREACHABLE_CODE = YES;
				CLANG_WARN__DUPLICATE_METHOD_MATCH = YES;
				COPY_PHASE_STRIP = NO;
				DEBUG_INFORMATION_FORMAT = dwarf;
				ENABLE_STRICT_OBJC_MSGSEND = YES;
				ENABLE_TESTABILITY = YES;
				ENABLE_USER_SCRIPT_SANDBOXING = YES;
				GCC_C_LANGUAGE_STANDARD = gnu17;
				GCC_DYNAMIC_NO_PIC = NO;
				GCC_NO_COMMON_BLOCKS = YES;
				GCC_OPTIMIZATION_LEVEL = 0;
				GCC_PREPROCESSOR_DEFINITIONS = (
					"DEBUG=1",
					"$(inherited)",
				);
				GCC_WARN_64_TO_32_BIT_CONVERSION = YES;
				GCC_WARN_ABOUT_RETURN_TYPE = YES_ERROR;
				GCC_WARN_UNDECLARED_SELECTOR = YES;
				GCC_WARN_UNINITIALIZED_AUTOS = YES_AGGRESSIVE;
				GCC_WARN_UNUSED_FUNCTION = YES;
				GCC_WARN_UNUSED_VARIABLE = YES;
				IPHONEOS_DEPLOYMENT_TARGET = 17.0;
				LOCALIZATION_PREFERS_STRING_CATALOGS = YES;
				MTL_ENABLE_DEBUG_INFO = INCLUDE_SOURCE;
				MTL_FAST_MATH = YES;
				ONLY_ACTIVE_ARCH = YES;
				SDKROOT = iphoneos;
			};
			name = Debug;
		};
		F270302D2C212FAF00F6DC3A /* Release */ = {
			isa = XCBuildConfiguration;
			buildSettings = {
				ALWAYS_SEARCH_USER_PATHS = NO;
				ASSETCATALOG_COMPILER_GENERATE_SWIFT_ASSET_SYMBOL_EXTENSIONS = YES;
				CLANG_ANALYZER_NONNULL = YES;
				CLANG_ANALYZER_NUMBER_OBJECT_CONVERSION = YES_AGGRESSIVE;
				CLANG_CXX_LANGUAGE_STANDARD = "gnu++20";
				CLANG_ENABLE_MODULES = YES;
				CLANG_ENABLE_OBJC_ARC = YES;
				CLANG_ENABLE_OBJC_WEAK = YES;
				CLANG_WARN_BLOCK_CAPTURE_AUTORELEASING = YES;
				CLANG_WARN_BOOL_CONVERSION = YES;
				CLANG_WARN_COMMA = YES;
				CLANG_WARN_CONSTANT_CONVERSION = YES;
				CLANG_WARN_DEPRECATED_OBJC_IMPLEMENTATIONS = YES;
				CLANG_WARN_DIRECT_OBJC_ISA_USAGE = YES_ERROR;
				CLANG_WARN_DOCUMENTATION_COMMENTS = YES;
				CLANG_WARN_EMPTY_BODY = YES;
				CLANG_WARN_ENUM_CONVERSION = YES;
				CLANG_WARN_INFINITE_RECURSION = YES;
				CLANG_WARN_INT_CONVERSION = YES;
				CLANG_WARN_NON_LITERAL_NULL_CONVERSION = YES;
				CLANG_WARN_OBJC_IMPLICIT_RETAIN_SELF = YES;
				CLANG_WARN_OBJC_LITERAL_CONVERSION = YES;
				CLANG_WARN_OBJC_ROOT_CLASS = YES_ERROR;
				CLANG_WARN_QUOTED_INCLUDE_IN_FRAMEWORK_HEADER = YES;
				CLANG_WARN_RANGE_LOOP_ANALYSIS = YES;
				CLANG_WARN_STRICT_PROTOTYPES = YES;
				CLANG_WARN_SUSPICIOUS_MOVE = YES;
				CLANG_WARN_UNGUARDED_AVAILABILITY = YES_AGGRESSIVE;
				CLANG_WARN_UNREACHABLE_CODE = YES;
				CLANG_WARN__DUPLICATE_METHOD_MATCH = YES;
				COPY_PHASE_STRIP = NO;
				DEBUG_INFORMATION_FORMAT = "dwarf-with-dsym";
				ENABLE_NS_ASSERTIONS = NO;
				ENABLE_STRICT_OBJC_MSGSEND = YES;
				ENABLE_USER_SCRIPT_SANDBOXING = YES;
				GCC_C_LANGUAGE_STANDARD = gnu17;
				GCC_NO_COMMON_BLOCKS = YES;
				GCC_WARN_64_TO_32_BIT_CONVERSION = YES;
				GCC_WARN_ABOUT_RETURN_TYPE = YES_ERROR;
				GCC_WARN_UNDECLARED_SELECTOR = YES;
				GCC_WARN_UNINITIALIZED_AUTOS = YES_AGGRESSIVE;
				GCC_WARN_UNUSED_FUNCTION = YES;
				GCC_WARN_UNUSED_VARIABLE = YES;
				IPHONEOS_DEPLOYMENT_TARGET = 17.0;
				LOCALIZATION_PREFERS_STRING_CATALOGS = YES;
				MTL_ENABLE_DEBUG_INFO = NO;
				MTL_FAST_MATH = YES;
				SDKROOT = iphoneos;
				VALIDATE_PRODUCT = YES;
			};
			name = Release;
		};
		F270302F2C212FAF00F6DC3A /* Debug */ = {
			isa = XCBuildConfiguration;
			baseConfigurationReference = C20BB2FB9F35D816AD88AB6A /* Pods-ExpandTableView.debug.xcconfig */;
			buildSettings = {
				ASSETCATALOG_COMPILER_APPICON_NAME = AppIcon;
				ASSETCATALOG_COMPILER_GLOBAL_ACCENT_COLOR_NAME = AccentColor;
				CODE_SIGN_STYLE = Automatic;
				CURRENT_PROJECT_VERSION = 1;
				DEVELOPMENT_TEAM = 78GTTN5WNP;
				GENERATE_INFOPLIST_FILE = YES;
				INFOPLIST_FILE = ExpandTableView/Info.plist;
				INFOPLIST_KEY_UIApplicationSupportsIndirectInputEvents = YES;
				INFOPLIST_KEY_UILaunchStoryboardName = "Launch Screen";
				INFOPLIST_KEY_UISupportedInterfaceOrientations_iPad = "UIInterfaceOrientationPortrait UIInterfaceOrientationPortraitUpsideDown UIInterfaceOrientationLandscapeLeft UIInterfaceOrientationLandscapeRight";
				INFOPLIST_KEY_UISupportedInterfaceOrientations_iPhone = "UIInterfaceOrientationPortrait UIInterfaceOrientationLandscapeLeft UIInterfaceOrientationLandscapeRight";
				IPHONEOS_DEPLOYMENT_TARGET = 15.0;
				LD_RUNPATH_SEARCH_PATHS = (
					"$(inherited)",
					"@executable_path/Frameworks",
				);
				MARKETING_VERSION = 1.0;
				PRODUCT_BUNDLE_IDENTIFIER = com.simple.ExpandTableView;
				PRODUCT_NAME = "$(TARGET_NAME)";
				SWIFT_EMIT_LOC_STRINGS = YES;
				TARGETED_DEVICE_FAMILY = "1,2";
			};
			name = Debug;
		};
		F27030302C212FAF00F6DC3A /* Release */ = {
			isa = XCBuildConfiguration;
			baseConfigurationReference = 7FBACFB4A4A8AB7745F44475 /* Pods-ExpandTableView.release.xcconfig */;
			buildSettings = {
				ASSETCATALOG_COMPILER_APPICON_NAME = AppIcon;
				ASSETCATALOG_COMPILER_GLOBAL_ACCENT_COLOR_NAME = AccentColor;
				CODE_SIGN_STYLE = Automatic;
				CURRENT_PROJECT_VERSION = 1;
				DEVELOPMENT_TEAM = 78GTTN5WNP;
				GENERATE_INFOPLIST_FILE = YES;
				INFOPLIST_FILE = ExpandTableView/Info.plist;
				INFOPLIST_KEY_UIApplicationSupportsIndirectInputEvents = YES;
				INFOPLIST_KEY_UILaunchStoryboardName = "Launch Screen";
				INFOPLIST_KEY_UISupportedInterfaceOrientations_iPad = "UIInterfaceOrientationPortrait UIInterfaceOrientationPortraitUpsideDown UIInterfaceOrientationLandscapeLeft UIInterfaceOrientationLandscapeRight";
				INFOPLIST_KEY_UISupportedInterfaceOrientations_iPhone = "UIInterfaceOrientationPortrait UIInterfaceOrientationLandscapeLeft UIInterfaceOrientationLandscapeRight";
				IPHONEOS_DEPLOYMENT_TARGET = 15.0;
				LD_RUNPATH_SEARCH_PATHS = (
					"$(inherited)",
					"@executable_path/Frameworks",
				);
				MARKETING_VERSION = 1.0;
				PRODUCT_BUNDLE_IDENTIFIER = com.simple.ExpandTableView;
				PRODUCT_NAME = "$(TARGET_NAME)";
				SWIFT_EMIT_LOC_STRINGS = YES;
				TARGETED_DEVICE_FAMILY = "1,2";
			};
			name = Release;
		};
		F27030322C212FAF00F6DC3A /* Debug */ = {
			isa = XCBuildConfiguration;
			buildSettings = {
				BUNDLE_LOADER = "$(TEST_HOST)";
				CODE_SIGN_STYLE = Automatic;
				CURRENT_PROJECT_VERSION = 1;
				DEVELOPMENT_TEAM = 78GTTN5WNP;
				GENERATE_INFOPLIST_FILE = YES;
				IPHONEOS_DEPLOYMENT_TARGET = 17.0;
				MARKETING_VERSION = 1.0;
				PRODUCT_BUNDLE_IDENTIFIER = com.simple.ExpandTableViewTests;
				PRODUCT_NAME = "$(TARGET_NAME)";
				SWIFT_EMIT_LOC_STRINGS = NO;
				TARGETED_DEVICE_FAMILY = "1,2";
				TEST_HOST = "$(BUILT_PRODUCTS_DIR)/ExpandTableView.app/$(BUNDLE_EXECUTABLE_FOLDER_PATH)/ExpandTableView";
			};
			name = Debug;
		};
		F27030332C212FAF00F6DC3A /* Release */ = {
			isa = XCBuildConfiguration;
			buildSettings = {
				BUNDLE_LOADER = "$(TEST_HOST)";
				CODE_SIGN_STYLE = Automatic;
				CURRENT_PROJECT_VERSION = 1;
				DEVELOPMENT_TEAM = 78GTTN5WNP;
				GENERATE_INFOPLIST_FILE = YES;
				IPHONEOS_DEPLOYMENT_TARGET = 17.0;
				MARKETING_VERSION = 1.0;
				PRODUCT_BUNDLE_IDENTIFIER = com.simple.ExpandTableViewTests;
				PRODUCT_NAME = "$(TARGET_NAME)";
				SWIFT_EMIT_LOC_STRINGS = NO;
				TARGETED_DEVICE_FAMILY = "1,2";
				TEST_HOST = "$(BUILT_PRODUCTS_DIR)/ExpandTableView.app/$(BUNDLE_EXECUTABLE_FOLDER_PATH)/ExpandTableView";
			};
			name = Release;
		};
		F27030352C212FAF00F6DC3A /* Debug */ = {
			isa = XCBuildConfiguration;
			buildSettings = {
				CODE_SIGN_STYLE = Automatic;
				CURRENT_PROJECT_VERSION = 1;
				DEVELOPMENT_TEAM = 78GTTN5WNP;
				GENERATE_INFOPLIST_FILE = YES;
				MARKETING_VERSION = 1.0;
				PRODUCT_BUNDLE_IDENTIFIER = com.simple.ExpandTableViewUITests;
				PRODUCT_NAME = "$(TARGET_NAME)";
				SWIFT_EMIT_LOC_STRINGS = NO;
				TARGETED_DEVICE_FAMILY = "1,2";
				TEST_TARGET_NAME = ExpandTableView;
			};
			name = Debug;
		};
		F27030362C212FAF00F6DC3A /* Release */ = {
			isa = XCBuildConfiguration;
			buildSettings = {
				CODE_SIGN_STYLE = Automatic;
				CURRENT_PROJECT_VERSION = 1;
				DEVELOPMENT_TEAM = 78GTTN5WNP;
				GENERATE_INFOPLIST_FILE = YES;
				MARKETING_VERSION = 1.0;
				PRODUCT_BUNDLE_IDENTIFIER = com.simple.ExpandTableViewUITests;
				PRODUCT_NAME = "$(TARGET_NAME)";
				SWIFT_EMIT_LOC_STRINGS = NO;
				TARGETED_DEVICE_FAMILY = "1,2";
				TEST_TARGET_NAME = ExpandTableView;
			};
			name = Release;
		};
/* End XCBuildConfiguration section */

/* Begin XCConfigurationList section */
		F2702FFA2C212FAE00F6DC3A /* Build configuration list for PBXProject "ExpandTableView" */ = {
			isa = XCConfigurationList;
			buildConfigurations = (
				F270302C2C212FAF00F6DC3A /* Debug */,
				F270302D2C212FAF00F6DC3A /* Release */,
			);
			defaultConfigurationIsVisible = 0;
			defaultConfigurationName = Release;
		};
		F270302E2C212FAF00F6DC3A /* Build configuration list for PBXNativeTarget "ExpandTableView" */ = {
			isa = XCConfigurationList;
			buildConfigurations = (
				F270302F2C212FAF00F6DC3A /* Debug */,
				F27030302C212FAF00F6DC3A /* Release */,
			);
			defaultConfigurationIsVisible = 0;
			defaultConfigurationName = Release;
		};
		F27030312C212FAF00F6DC3A /* Build configuration list for PBXNativeTarget "ExpandTableViewTests" */ = {
			isa = XCConfigurationList;
			buildConfigurations = (
				F27030322C212FAF00F6DC3A /* Debug */,
				F27030332C212FAF00F6DC3A /* Release */,
			);
			defaultConfigurationIsVisible = 0;
			defaultConfigurationName = Release;
		};
		F27030342C212FAF00F6DC3A /* Build configuration list for PBXNativeTarget "ExpandTableViewUITests" */ = {
			isa = XCConfigurationList;
			buildConfigurations = (
				F27030352C212FAF00F6DC3A /* Debug */,
				F27030362C212FAF00F6DC3A /* Release */,
			);
			defaultConfigurationIsVisible = 0;
			defaultConfigurationName = Release;
		};
/* End XCConfigurationList section */
	};
	rootObject = F2702FF72C212FAE00F6DC3A /* Project object */;
}
